
Microsoft Visual Studio Solution File, Format Version 12.00
# Visual Studio 15
VisualStudioVersion = 15.0.27130.2010
MinimumVisualStudioVersion = 10.0.40219.1
Project("{888888A0-9F3D-457C-B088-3A5042F75D52}") = "lnrzapi", "src\lnrzapi.pyproj", "{7CCF6997-0E46-41A2-BB48-405DB52EC64E}"
EndProject
Global
	GlobalSection(SolutionConfigurationPlatforms) = preSolution
		Debug|Any CPU = Debug|Any CPU
		Release|Any CPU = Release|Any CPU
	EndGlobalSection
	GlobalSection(ProjectConfigurationPlatforms) = postSolution
		{7CCF6997-0E46-41A2-BB48-405DB52EC64E}.Debug|Any CPU.ActiveCfg = Debug|Any CPU
		{7CCF6997-0E46-41A2-BB48-405DB52EC64E}.Debug|Any CPU.Build.0 = Debug|Any CPU
		{7CCF6997-0E46-41A2-BB48-405DB52EC64E}.Release|Any CPU.ActiveCfg = Release|Any CPU
		{7CCF6997-0E46-41A2-BB48-405DB52EC64E}.Release|Any CPU.Build.0 = Release|Any CPU
	EndGlobalSection
	GlobalSection(SolutionProperties) = preSolution
		HideSolutionNode = FALSE
	EndGlobalSection
	GlobalSection(ExtensibilityGlobals) = postSolution
		SolutionGuid = {3E0538B3-CE3C-4213-B2D1-C2CDF14F3D70}
	EndGlobalSection
EndGlobal
